// !$*UTF8*$!
{
	archiveVersion = 1;
	classes = {
	};
	objectVersion = 56;
	objects = {

/* Begin PBXBuildFile section */
		F019B71328D27663004077CC /* ColorExtension.swift in Sources */ = {isa = PBXBuildFile; fileRef = F019B71228D27663004077CC /* ColorExtension.swift */; };
		F019B71728D27942004077CC /* Product.swift in Sources */ = {isa = PBXBuildFile; fileRef = F019B71628D27942004077CC /* Product.swift */; };
		F077A94928D0FA600071C95A /* FruitMartApp.swift in Sources */ = {isa = PBXBuildFile; fileRef = F077A94828D0FA600071C95A /* FruitMartApp.swift */; };
		F077A94B28D0FA600071C95A /* ContentView.swift in Sources */ = {isa = PBXBuildFile; fileRef = F077A94A28D0FA600071C95A /* ContentView.swift */; };
		F077A94D28D0FA600071C95A /* Assets.xcassets in Resources */ = {isa = PBXBuildFile; fileRef = F077A94C28D0FA600071C95A /* Assets.xcassets */; };
		F077A95028D0FA600071C95A /* Preview Assets.xcassets in Resources */ = {isa = PBXBuildFile; fileRef = F077A94F28D0FA600071C95A /* Preview Assets.xcassets */; };
		F077A95B28D0FAA40071C95A /* ProductData.json in Resources */ = {isa = PBXBuildFile; fileRef = F077A95928D0FAA40071C95A /* ProductData.json */; };
		F077A95C28D0FAA40071C95A /* Assets.xcassets in Resources */ = {isa = PBXBuildFile; fileRef = F077A95A28D0FAA40071C95A /* Assets.xcassets */; };
		F077A96128D0FAAE0071C95A /* LaunchScreen.storyboard in Resources */ = {isa = PBXBuildFile; fileRef = F077A95E28D0FAAE0071C95A /* LaunchScreen.storyboard */; };
		F077A96628D0FAC70071C95A /* Home.swift in Sources */ = {isa = PBXBuildFile; fileRef = F077A96428D0FAC70071C95A /* Home.swift */; };
		F077A96728D0FAC70071C95A /* ProductRow.swift in Sources */ = {isa = PBXBuildFile; fileRef = F077A96528D0FAC70071C95A /* ProductRow.swift */; };
/* End PBXBuildFile section */

/* Begin PBXFileReference section */
		F019B71228D27663004077CC /* ColorExtension.swift */ = {isa = PBXFileReference; lastKnownFileType = sourcecode.swift; path = ColorExtension.swift; sourceTree = "<group>"; };
		F019B71628D27942004077CC /* Product.swift */ = {isa = PBXFileReference; lastKnownFileType = sourcecode.swift; path = Product.swift; sourceTree = "<group>"; };
		F077A94528D0FA600071C95A /* FruitMart.app */ = {isa = PBXFileReference; explicitFileType = wrapper.application; includeInIndex = 0; path = FruitMart.app; sourceTree = BUILT_PRODUCTS_DIR; };
		F077A94828D0FA600071C95A /* FruitMartApp.swift */ = {isa = PBXFileReference; lastKnownFileType = sourcecode.swift; path = FruitMartApp.swift; sourceTree = "<group>"; };
		F077A94A28D0FA600071C95A /* ContentView.swift */ = {isa = PBXFileReference; lastKnownFileType = sourcecode.swift; path = ContentView.swift; sourceTree = "<group>"; };
		F077A94C28D0FA600071C95A /* Assets.xcassets */ = {isa = PBXFileReference; lastKnownFileType = folder.assetcatalog; path = Assets.xcassets; sourceTree = "<group>"; };
		F077A94F28D0FA600071C95A /* Preview Assets.xcassets */ = {isa = PBXFileReference; lastKnownFileType = folder.assetcatalog; path = "Preview Assets.xcassets"; sourceTree = "<group>"; };
		F077A95928D0FAA40071C95A /* ProductData.json */ = {isa = PBXFileReference; fileEncoding = 4; lastKnownFileType = text.json; path = ProductData.json; sourceTree = "<group>"; };
		F077A95A28D0FAA40071C95A /* Assets.xcassets */ = {isa = PBXFileReference; lastKnownFileType = folder.assetcatalog; path = Assets.xcassets; sourceTree = "<group>"; };
		F077A95F28D0FAAE0071C95A /* Base */ = {isa = PBXFileReference; lastKnownFileType = file.storyboard; name = Base; path = Base.lproj/LaunchScreen.storyboard; sourceTree = "<group>"; };
		F077A96028D0FAAE0071C95A /* Info.plist */ = {isa = PBXFileReference; fileEncoding = 4; lastKnownFileType = text.plist.xml; path = Info.plist; sourceTree = "<group>"; };
		F077A96428D0FAC70071C95A /* Home.swift */ = {isa = PBXFileReference; fileEncoding = 4; lastKnownFileType = sourcecode.swift; path = Home.swift; sourceTree = "<group>"; };
		F077A96528D0FAC70071C95A /* ProductRow.swift */ = {isa = PBXFileReference; fileEncoding = 4; lastKnownFileType = sourcecode.swift; path = ProductRow.swift; sourceTree = "<group>"; };
/* End PBXFileReference section */

/* Begin PBXFrameworksBuildPhase section */
		F077A94228D0FA600071C95A /* Frameworks */ = {
			isa = PBXFrameworksBuildPhase;
			buildActionMask = 2147483647;
			files = (
			);
			runOnlyForDeploymentPostprocessing = 0;
		};
/* End PBXFrameworksBuildPhase section */

/* Begin PBXGroup section */
		F019B71128D27655004077CC /* Extension */ = {
			isa = PBXGroup;
			children = (
				F019B71228D27663004077CC /* ColorExtension.swift */,
			);
			path = Extension;
			sourceTree = "<group>";
		};
		F019B71428D2792A004077CC /* Helper */ = {
			isa = PBXGroup;
			children = (
				F019B71128D27655004077CC /* Extension */,
			);
			path = Helper;
			sourceTree = "<group>";
		};
		F019B71528D27939004077CC /* Model */ = {
			isa = PBXGroup;
			children = (
				F019B71628D27942004077CC /* Product.swift */,
			);
			path = Model;
			sourceTree = "<group>";
		};
		F077A93C28D0FA600071C95A = {
			isa = PBXGroup;
			children = (
				F077A94728D0FA600071C95A /* FruitMart */,
				F077A94628D0FA600071C95A /* Products */,
			);
			sourceTree = "<group>";
		};
		F077A94628D0FA600071C95A /* Products */ = {
			isa = PBXGroup;
			children = (
				F077A94528D0FA600071C95A /* FruitMart.app */,
			);
			name = Products;
			sourceTree = "<group>";
		};
		F077A94728D0FA600071C95A /* FruitMart */ = {
			isa = PBXGroup;
			children = (
				F077A95628D0FA650071C95A /* Source */,
				F077A94828D0FA600071C95A /* FruitMartApp.swift */,
				F077A94A28D0FA600071C95A /* ContentView.swift */,
				F077A94C28D0FA600071C95A /* Assets.xcassets */,
				F077A95828D0FAA40071C95A /* Resources */,
				F077A95D28D0FAAE0071C95A /* Supporting Files */,
				F077A94E28D0FA600071C95A /* Preview Content */,
			);
			path = FruitMart;
			sourceTree = "<group>";
		};
		F077A94E28D0FA600071C95A /* Preview Content */ = {
			isa = PBXGroup;
			children = (
				F077A94F28D0FA600071C95A /* Preview Assets.xcassets */,
			);
			path = "Preview Content";
			sourceTree = "<group>";
		};
		F077A95628D0FA650071C95A /* Source */ = {
			isa = PBXGroup;
			children = (
				F019B71528D27939004077CC /* Model */,
				F019B71428D2792A004077CC /* Helper */,
				F077A95728D0FA6D0071C95A /* User Interface */,
			);
			path = Source;
			sourceTree = "<group>";
		};
		F077A95728D0FA6D0071C95A /* User Interface */ = {
			isa = PBXGroup;
			children = (
				F077A96328D0FAC70071C95A /* Home */,
			);
			path = "User Interface";
			sourceTree = "<group>";
		};
		F077A95828D0FAA40071C95A /* Resources */ = {
			isa = PBXGroup;
			children = (
				F077A95928D0FAA40071C95A /* ProductData.json */,
				F077A95A28D0FAA40071C95A /* Assets.xcassets */,
			);
			path = Resources;
			sourceTree = "<group>";
		};
		F077A95D28D0FAAE0071C95A /* Supporting Files */ = {
			isa = PBXGroup;
			children = (
				F077A95E28D0FAAE0071C95A /* LaunchScreen.storyboard */,
				F077A96028D0FAAE0071C95A /* Info.plist */,
			);
			path = "Supporting Files";
			sourceTree = "<group>";
		};
		F077A96328D0FAC70071C95A /* Home */ = {
			isa = PBXGroup;
			children = (
				F077A96428D0FAC70071C95A /* Home.swift */,
				F077A96528D0FAC70071C95A /* ProductRow.swift */,
			);
			path = Home;
			sourceTree = "<group>";
		};
/* End PBXGroup section */

/* Begin PBXNativeTarget section */
		F077A94428D0FA600071C95A /* FruitMart */ = {
			isa = PBXNativeTarget;
			buildConfigurationList = F077A95328D0FA600071C95A /* Build configuration list for PBXNativeTarget "FruitMart" */;
			buildPhases = (
				F077A94128D0FA600071C95A /* Sources */,
				F077A94228D0FA600071C95A /* Frameworks */,
				F077A94328D0FA600071C95A /* Resources */,
			);
			buildRules = (
			);
			dependencies = (
			);
			name = FruitMart;
			productName = FruitMart;
			productReference = F077A94528D0FA600071C95A /* FruitMart.app */;
			productType = "com.apple.product-type.application";
		};
/* End PBXNativeTarget section */

/* Begin PBXProject section */
		F077A93D28D0FA600071C95A /* Project object */ = {
			isa = PBXProject;
			attributes = {
				BuildIndependentTargetsInParallel = 1;
				LastSwiftUpdateCheck = 1400;
				LastUpgradeCheck = 1400;
				TargetAttributes = {
					F077A94428D0FA600071C95A = {
						CreatedOnToolsVersion = 14.0;
					};
				};
			};
			buildConfigurationList = F077A94028D0FA600071C95A /* Build configuration list for PBXProject "FruitMart" */;
			compatibilityVersion = "Xcode 14.0";
			developmentRegion = en;
			hasScannedForEncodings = 0;
			knownRegions = (
				en,
				Base,
			);
			mainGroup = F077A93C28D0FA600071C95A;
			productRefGroup = F077A94628D0FA600071C95A /* Products */;
			projectDirPath = "";
			projectRoot = "";
			targets = (
				F077A94428D0FA600071C95A /* FruitMart */,
			);
		};
/* End PBXProject section */

/* Begin PBXResourcesBuildPhase section */
		F077A94328D0FA600071C95A /* Resources */ = {
			isa = PBXResourcesBuildPhase;
			buildActionMask = 2147483647;
			files = (
				F077A95028D0FA600071C95A /* Preview Assets.xcassets in Resources */,
				F077A94D28D0FA600071C95A /* Assets.xcassets in Resources */,
				F077A95C28D0FAA40071C95A /* Assets.xcassets in Resources */,
				F077A96128D0FAAE0071C95A /* LaunchScreen.storyboard in Resources */,
				F077A95B28D0FAA40071C95A /* ProductData.json in Resources */,
			);
			runOnlyForDeploymentPostprocessing = 0;
		};
/* End PBXResourcesBuildPhase section */

/* Begin PBXSourcesBuildPhase section */
		F077A94128D0FA600071C95A /* Sources */ = {
			isa = PBXSourcesBuildPhase;
			buildActionMask = 2147483647;
			files = (
				F077A96728D0FAC70071C95A /* ProductRow.swift in Sources */,
				F077A94B28D0FA600071C95A /* ContentView.swift in Sources */,
				F077A96628D0FAC70071C95A /* Home.swift in Sources */,
				F077A94928D0FA600071C95A /* FruitMartApp.swift in Sources */,
				F019B71328D27663004077CC /* ColorExtension.swift in Sources */,
				F019B71728D27942004077CC /* Product.swift in Sources */,
			);
			runOnlyForDeploymentPostprocessing = 0;
		};
/* End PBXSourcesBuildPhase section */

/* Begin PBXVariantGroup section */
		F077A95E28D0FAAE0071C95A /* LaunchScreen.storyboard */ = {
			isa = PBXVariantGroup;
			children = (
				F077A95F28D0FAAE0071C95A /* Base */,
			);
			name = LaunchScreen.storyboard;
			sourceTree = "<group>";
		};
/* End PBXVariantGroup section */

/* Begin XCBuildConfiguration section */
		F077A95128D0FA600071C95A /* Debug */ = {
			isa = XCBuildConfiguration;
			buildSettings = {
				ALWAYS_SEARCH_USER_PATHS = NO;
				CLANG_ANALYZER_NONNULL = YES;
				CLANG_ANALYZER_NUMBER_OBJECT_CONVERSION = YES_AGGRESSIVE;
				CLANG_CXX_LANGUAGE_STANDARD = "gnu++20";
				CLANG_ENABLE_MODULES = YES;
				CLANG_ENABLE_OBJC_ARC = YES;
				CLANG_ENABLE_OBJC_WEAK = YES;
				CLANG_WARN_BLOCK_CAPTURE_AUTORELEASING = YES;
				CLANG_WARN_BOOL_CONVERSION = YES;
				CLANG_WARN_COMMA = YES;
				CLANG_WARN_CONSTANT_CONVERSION = YES;
				CLANG_WARN_DEPRECATED_OBJC_IMPLEMENTATIONS = YES;
				CLANG_WARN_DIRECT_OBJC_ISA_USAGE = YES_ERROR;
				CLANG_WARN_DOCUMENTATION_COMMENTS = YES;
				CLANG_WARN_EMPTY_BODY = YES;
				CLANG_WARN_ENUM_CONVERSION = YES;
				CLANG_WARN_INFINITE_RECURSION = YES;
				CLANG_WARN_INT_CONVERSION = YES;
				CLANG_WARN_NON_LITERAL_NULL_CONVERSION = YES;
				CLANG_WARN_OBJC_IMPLICIT_RETAIN_SELF = YES;
				CLANG_WARN_OBJC_LITERAL_CONVERSION = YES;
				CLANG_WARN_OBJC_ROOT_CLASS = YES_ERROR;
				CLANG_WARN_QUOTED_INCLUDE_IN_FRAMEWORK_HEADER = YES;
				CLANG_WARN_RANGE_LOOP_ANALYSIS = YES;
				CLANG_WARN_STRICT_PROTOTYPES = YES;
				CLANG_WARN_SUSPICIOUS_MOVE = YES;
				CLANG_WARN_UNGUARDED_AVAILABILITY = YES_AGGRESSIVE;
				CLANG_WARN_UNREACHABLE_CODE = YES;
				CLANG_WARN__DUPLICATE_METHOD_MATCH = YES;
				COPY_PHASE_STRIP = NO;
				DEBUG_INFORMATION_FORMAT = dwarf;
				ENABLE_STRICT_OBJC_MSGSEND = YES;
				ENABLE_TESTABILITY = YES;
				GCC_C_LANGUAGE_STANDARD = gnu11;
				GCC_DYNAMIC_NO_PIC = NO;
				GCC_NO_COMMON_BLOCKS = YES;
				GCC_OPTIMIZATION_LEVEL = 0;
				GCC_PREPROCESSOR_DEFINITIONS = (
					"DEBUG=1",
					"$(inherited)",
				);
				GCC_WARN_64_TO_32_BIT_CONVERSION = YES;
				GCC_WARN_ABOUT_RETURN_TYPE = YES_ERROR;
				GCC_WARN_UNDECLARED_SELECTOR = YES;
				GCC_WARN_UNINITIALIZED_AUTOS = YES_AGGRESSIVE;
				GCC_WARN_UNUSED_FUNCTION = YES;
				GCC_WARN_UNUSED_VARIABLE = YES;
				IPHONEOS_DEPLOYMENT_TARGET = 16.0;
				MTL_ENABLE_DEBUG_INFO = INCLUDE_SOURCE;
				MTL_FAST_MATH = YES;
				ONLY_ACTIVE_ARCH = YES;
				SDKROOT = iphoneos;
				SWIFT_ACTIVE_COMPILATION_CONDITIONS = DEBUG;
				SWIFT_OPTIMIZATION_LEVEL = "-Onone";
			};
			name = Debug;
		};
		F077A95228D0FA600071C95A /* Release */ = {
			isa = XCBuildConfiguration;
			buildSettings = {
				ALWAYS_SEARCH_USER_PATHS = NO;
				CLANG_ANALYZER_NONNULL = YES;
				CLANG_ANALYZER_NUMBER_OBJECT_CONVERSION = YES_AGGRESSIVE;
				CLANG_CXX_LANGUAGE_STANDARD = "gnu++20";
				CLANG_ENABLE_MODULES = YES;
				CLANG_ENABLE_OBJC_ARC = YES;
				CLANG_ENABLE_OBJC_WEAK = YES;
				CLANG_WARN_BLOCK_CAPTURE_AUTORELEASING = YES;
				CLANG_WARN_BOOL_CONVERSION = YES;
				CLANG_WARN_COMMA = YES;
				CLANG_WARN_CONSTANT_CONVERSION = YES;
				CLANG_WARN_DEPRECATED_OBJC_IMPLEMENTATIONS = YES;
				CLANG_WARN_DIRECT_OBJC_ISA_USAGE = YES_ERROR;
				CLANG_WARN_DOCUMENTATION_COMMENTS = YES;
				CLANG_WARN_EMPTY_BODY = YES;
				CLANG_WARN_ENUM_CONVERSION = YES;
				CLANG_WARN_INFINITE_RECURSION = YES;
				CLANG_WARN_INT_CONVERSION = YES;
				CLANG_WARN_NON_LITERAL_NULL_CONVERSION = YES;
				CLANG_WARN_OBJC_IMPLICIT_RETAIN_SELF = YES;
				CLANG_WARN_OBJC_LITERAL_CONVERSION = YES;
				CLANG_WARN_OBJC_ROOT_CLASS = YES_ERROR;
				CLANG_WARN_QUOTED_INCLUDE_IN_FRAMEWORK_HEADER = YES;
				CLANG_WARN_RANGE_LOOP_ANALYSIS = YES;
				CLANG_WARN_STRICT_PROTOTYPES = YES;
				CLANG_WARN_SUSPICIOUS_MOVE = YES;
				CLANG_WARN_UNGUARDED_AVAILABILITY = YES_AGGRESSIVE;
				CLANG_WARN_UNREACHABLE_CODE = YES;
				CLANG_WARN__DUPLICATE_METHOD_MATCH = YES;
				COPY_PHASE_STRIP = NO;
				DEBUG_INFORMATION_FORMAT = "dwarf-with-dsym";
				ENABLE_NS_ASSERTIONS = NO;
				ENABLE_STRICT_OBJC_MSGSEND = YES;
				GCC_C_LANGUAGE_STANDARD = gnu11;
				GCC_NO_COMMON_BLOCKS = YES;
				GCC_WARN_64_TO_32_BIT_CONVERSION = YES;
				GCC_WARN_ABOUT_RETURN_TYPE = YES_ERROR;
				GCC_WARN_UNDECLARED_SELECTOR = YES;
				GCC_WARN_UNINITIALIZED_AUTOS = YES_AGGRESSIVE;
				GCC_WARN_UNUSED_FUNCTION = YES;
				GCC_WARN_UNUSED_VARIABLE = YES;
				IPHONEOS_DEPLOYMENT_TARGET = 16.0;
				MTL_ENABLE_DEBUG_INFO = NO;
				MTL_FAST_MATH = YES;
				SDKROOT = iphoneos;
				SWIFT_COMPILATION_MODE = wholemodule;
				SWIFT_OPTIMIZATION_LEVEL = "-O";
				VALIDATE_PRODUCT = YES;
			};
			name = Release;
		};
		F077A95428D0FA600071C95A /* Debug */ = {
			isa = XCBuildConfiguration;
			buildSettings = {
				ASSETCATALOG_COMPILER_APPICON_NAME = AppIcon;
				ASSETCATALOG_COMPILER_GLOBAL_ACCENT_COLOR_NAME = AccentColor;
				CODE_SIGN_STYLE = Automatic;
				CURRENT_PROJECT_VERSION = 1;
				DEVELOPMENT_ASSET_PATHS = "\"FruitMart/Preview Content\"";
				DEVELOPMENT_TEAM = 8UV3Y69NB7;
				ENABLE_PREVIEWS = YES;
				GENERATE_INFOPLIST_FILE = YES;
				INFOPLIST_KEY_UIApplicationSceneManifest_Generation = YES;
				INFOPLIST_KEY_UIApplicationSupportsIndirectInputEvents = YES;
				INFOPLIST_KEY_UILaunchScreen_Generation = YES;
				INFOPLIST_KEY_UILaunchStoryboardName = LaunchScreen.storyboard;
				INFOPLIST_KEY_UISupportedInterfaceOrientations_iPad = "UIInterfaceOrientationPortrait UIInterfaceOrientationPortraitUpsideDown UIInterfaceOrientationLandscapeLeft UIInterfaceOrientationLandscapeRight";
				INFOPLIST_KEY_UISupportedInterfaceOrientations_iPhone = "UIInterfaceOrientationPortrait UIInterfaceOrientationLandscapeLeft UIInterfaceOrientationLandscapeRight";
				LD_RUNPATH_SEARCH_PATHS = (
					"$(inherited)",
					"@executable_path/Frameworks",
				);
				MARKETING_VERSION = 1.0;
				PRODUCT_BUNDLE_IDENTIFIER = gaeng2y.FruitMart;
				PRODUCT_NAME = "$(TARGET_NAME)";
				SWIFT_EMIT_LOC_STRINGS = YES;
				SWIFT_VERSION = 5.0;
				TARGETED_DEVICE_FAMILY = "1,2";
			};
			name = Debug;
		};
		F077A95528D0FA600071C95A /* Release */ = {
			isa = XCBuildConfiguration;
			buildSettings = {
				ASSETCATALOG_COMPILER_APPICON_NAME = AppIcon;
				ASSETCATALOG_COMPILER_GLOBAL_ACCENT_COLOR_NAME = AccentColor;
				CODE_SIGN_STYLE = Automatic;
				CURRENT_PROJECT_VERSION = 1;
				DEVELOPMENT_ASSET_PATHS = "\"FruitMart/Preview Content\"";
				DEVELOPMENT_TEAM = 8UV3Y69NB7;
				ENABLE_PREVIEWS = YES;
				GENERATE_INFOPLIST_FILE = YES;
				INFOPLIST_KEY_UIApplicationSceneManifest_Generation = YES;
				INFOPLIST_KEY_UIApplicationSupportsIndirectInputEvents = YES;
				INFOPLIST_KEY_UILaunchScreen_Generation = YES;
				INFOPLIST_KEY_UILaunchStoryboardName = LaunchScreen.storyboard;
				INFOPLIST_KEY_UISupportedInterfaceOrientations_iPad = "UIInterfaceOrientationPortrait UIInterfaceOrientationPortraitUpsideDown UIInterfaceOrientationLandscapeLeft UIInterfaceOrientationLandscapeRight";
				INFOPLIST_KEY_UISupportedInterfaceOrientations_iPhone = "UIInterfaceOrientationPortrait UIInterfaceOrientationLandscapeLeft UIInterfaceOrientationLandscapeRight";
				LD_RUNPATH_SEARCH_PATHS = (
					"$(inherited)",
					"@executable_path/Frameworks",
				);
				MARKETING_VERSION = 1.0;
				PRODUCT_BUNDLE_IDENTIFIER = gaeng2y.FruitMart;
				PRODUCT_NAME = "$(TARGET_NAME)";
				SWIFT_EMIT_LOC_STRINGS = YES;
				SWIFT_VERSION = 5.0;
				TARGETED_DEVICE_FAMILY = "1,2";
			};
			name = Release;
		};
/* End XCBuildConfiguration section */

/* Begin XCConfigurationList section */
		F077A94028D0FA600071C95A /* Build configuration list for PBXProject "FruitMart" */ = {
			isa = XCConfigurationList;
			buildConfigurations = (
				F077A95128D0FA600071C95A /* Debug */,
				F077A95228D0FA600071C95A /* Release */,
			);
			defaultConfigurationIsVisible = 0;
			defaultConfigurationName = Release;
		};
		F077A95328D0FA600071C95A /* Build configuration list for PBXNativeTarget "FruitMart" */ = {
			isa = XCConfigurationList;
			buildConfigurations = (
				F077A95428D0FA600071C95A /* Debug */,
				F077A95528D0FA600071C95A /* Release */,
			);
			defaultConfigurationIsVisible = 0;
			defaultConfigurationName = Release;
		};
/* End XCConfigurationList section */
	};
	rootObject = F077A93D28D0FA600071C95A /* Project object */;
}
